
Microsoft Visual Studio Solution File, Format Version 12.00
# Visual Studio Version 17
VisualStudioVersion = 17.5.33424.131
MinimumVisualStudioVersion = 10.0.40219.1
Project("{FAE04EC0-301F-11D3-BF4B-00C04F79EFBC}") = "Calculadora", "Calculadora\Calculadora.csproj", "{68D3ABE7-4769-4E39-A8E0-E0414393D069}"
EndProject
Global
	GlobalSection(SolutionConfigurationPlatforms) = preSolution
		Debug|Any CPU = Debug|Any CPU
		Release|Any CPU = Release|Any CPU
	EndGlobalSection
	GlobalSection(ProjectConfigurationPlatforms) = postSolution
		{68D3ABE7-4769-4E39-A8E0-E0414393D069}.Debug|Any CPU.ActiveCfg = Debug|Any CPU
		{68D3ABE7-4769-4E39-A8E0-E0414393D069}.Debug|Any CPU.Build.0 = Debug|Any CPU
		{68D3ABE7-4769-4E39-A8E0-E0414393D069}.Release|Any CPU.ActiveCfg = Release|Any CPU
		{68D3ABE7-4769-4E39-A8E0-E0414393D069}.Release|Any CPU.Build.0 = Release|Any CPU
	EndGlobalSection
	GlobalSection(SolutionProperties) = preSolution
		HideSolutionNode = FALSE
	EndGlobalSection
	GlobalSection(ExtensibilityGlobals) = postSolution
		SolutionGuid = {16403116-D623-4E3C-8B22-D8B4F4F4DED0}
	EndGlobalSection
EndGlobal
